// !$*UTF8*$!
{
	archiveVersion = 1;
	classes = {
	};
	objectVersion = 56;
	objects = {

/* Begin PBXBuildFile section */
		BF06E7B82AF1563D00EF012E /* 점 찍기.swift in Sources */ = {isa = PBXBuildFile; fileRef = BF06E7B72AF1563D00EF012E /* 점 찍기.swift */; };
/* End PBXBuildFile section */

/* Begin PBXCopyFilesBuildPhase section */
		BF06E79E2AF13BD100EF012E /* CopyFiles */ = {
			isa = PBXCopyFilesBuildPhase;
			buildActionMask = 2147483647;
			dstPath = /usr/share/man/man1/;
			dstSubfolderSpec = 0;
			files = (
			);
			runOnlyForDeploymentPostprocessing = 1;
		};
/* End PBXCopyFilesBuildPhase section */

/* Begin PBXFileReference section */
		BF06E7A02AF13BD100EF012E /* SwiftCodingTest */ = {isa = PBXFileReference; explicitFileType = "compiled.mach-o.executable"; includeInIndex = 0; path = SwiftCodingTest; sourceTree = BUILT_PRODUCTS_DIR; };
		BF06E7A32AF13BD100EF012E /* 무인도 여행.swift */ = {isa = PBXFileReference; lastKnownFileType = sourcecode.swift; path = "무인도 여행.swift"; sourceTree = "<group>"; };
		BF06E7AC2AF13C2500EF012E /* 연속된 부분 수열의 합.swift */ = {isa = PBXFileReference; lastKnownFileType = sourcecode.swift; path = "연속된 부분 수열의 합.swift"; sourceTree = "<group>"; };
		BF06E7AD2AF13C4700EF012E /* 과제 진행하기.swift */ = {isa = PBXFileReference; lastKnownFileType = sourcecode.swift; path = "과제 진행하기.swift"; sourceTree = "<group>"; };
		BF06E7AF2AF13C5700EF012E /* 광물 캐기.swift */ = {isa = PBXFileReference; lastKnownFileType = sourcecode.swift; path = "광물 캐기.swift"; sourceTree = "<group>"; };
		BF06E7B02AF13C6700EF012E /* 리코쳇 로봇.swift */ = {isa = PBXFileReference; lastKnownFileType = sourcecode.swift; path = "리코쳇 로봇.swift"; sourceTree = "<group>"; };
		BF06E7B12AF13C7B00EF012E /* 미로 탈출.swift */ = {isa = PBXFileReference; lastKnownFileType = sourcecode.swift; path = "미로 탈출.swift"; sourceTree = "<group>"; };
		BF06E7B22AF13C8C00EF012E /* 호텔 대실.swift */ = {isa = PBXFileReference; lastKnownFileType = sourcecode.swift; path = "호텔 대실.swift"; sourceTree = "<group>"; };
		BF06E7B32AF13E9300EF012E /* 뒤에 있는 큰 수 찾기.swift */ = {isa = PBXFileReference; lastKnownFileType = sourcecode.swift; path = "뒤에 있는 큰 수 찾기.swift"; sourceTree = "<group>"; };
		BF06E7B42AF1447100EF012E /* 시소 짝꿍.swift */ = {isa = PBXFileReference; lastKnownFileType = sourcecode.swift; path = "시소 짝꿍.swift"; sourceTree = "<group>"; };
		BF06E7B62AF1561800EF012E /* 테이블 해시 함수.swift */ = {isa = PBXFileReference; lastKnownFileType = sourcecode.swift; path = "테이블 해시 함수.swift"; sourceTree = "<group>"; };
		BF06E7B72AF1563D00EF012E /* 점 찍기.swift */ = {isa = PBXFileReference; lastKnownFileType = sourcecode.swift; path = "점 찍기.swift"; sourceTree = "<group>"; };
		BF06E7B92AF1599F00EF012E /* 귤 고르기.swift */ = {isa = PBXFileReference; lastKnownFileType = sourcecode.swift; path = "귤 고르기.swift"; sourceTree = "<group>"; };
		BF06E7BA2AF15ED400EF012E /* 숫자 카드 나누기.swift */ = {isa = PBXFileReference; lastKnownFileType = sourcecode.swift; path = "숫자 카드 나누기.swift"; sourceTree = "<group>"; };
		BF06E7BB2AF165B600EF012E /* 우박 수열 정적분.swift */ = {isa = PBXFileReference; lastKnownFileType = sourcecode.swift; path = "우박 수열 정적분.swift"; sourceTree = "<group>"; };
		BF06E7BC2AF1697600EF012E /* 롤케이크 자르기.swift */ = {isa = PBXFileReference; lastKnownFileType = sourcecode.swift; path = "롤케이크 자르기.swift"; sourceTree = "<group>"; };
		BF31AE0B2AF25AC500554E1C /* 택배 상자.swift */ = {isa = PBXFileReference; lastKnownFileType = sourcecode.swift; path = "택배 상자.swift"; sourceTree = "<group>"; };
		BF31AE0D2AF25CFA00554E1C /* 연속 부분 수열 합의 개수.swift */ = {isa = PBXFileReference; lastKnownFileType = sourcecode.swift; path = "연속 부분 수열 합의 개수.swift"; sourceTree = "<group>"; };
		BF31AE0F2AF264D100554E1C /* 할인 행사.swift */ = {isa = PBXFileReference; lastKnownFileType = sourcecode.swift; path = "할인 행사.swift"; sourceTree = "<group>"; };
		BF31AE112AF270BA00554E1C /* 양궁 대회.swift */ = {isa = PBXFileReference; lastKnownFileType = sourcecode.swift; path = "양궁 대회.swift"; sourceTree = "<group>"; };
		BF31AE132AF2788800554E1C /* 주차요금 계산.swift */ = {isa = PBXFileReference; lastKnownFileType = sourcecode.swift; path = "주차요금 계산.swift"; sourceTree = "<group>"; };
		BF31AE152AF27E1600554E1C /* K진수에서 소수 개수 구하기.swift */ = {isa = PBXFileReference; lastKnownFileType = sourcecode.swift; path = "K진수에서 소수 개수 구하기.swift"; sourceTree = "<group>"; };
		BF31AE172AF285D900554E1C /* 피로도.swift */ = {isa = PBXFileReference; lastKnownFileType = sourcecode.swift; path = "피로도.swift"; sourceTree = "<group>"; };
		BFE17F382AF4E2A700BB685F /* 전력망을 둘로 나누기.swift */ = {isa = PBXFileReference; lastKnownFileType = sourcecode.swift; path = "전력망을 둘로 나누기.swift"; sourceTree = "<group>"; };
		BFE17F3A2AF4E2BB00BB685F /* 괄호 회전하기.swift */ = {isa = PBXFileReference; lastKnownFileType = sourcecode.swift; path = "괄호 회전하기.swift"; sourceTree = "<group>"; };
		BFE17F3C2AF4E2F500BB685F /* 쿼드압축 후 개수 세기.swift */ = {isa = PBXFileReference; lastKnownFileType = sourcecode.swift; path = "쿼드압축 후 개수 세기.swift"; sourceTree = "<group>"; };
		BFE17F3D2AF4E30600BB685F /* 삼각 달팽이.swift */ = {isa = PBXFileReference; lastKnownFileType = sourcecode.swift; path = "삼각 달팽이.swift"; sourceTree = "<group>"; };
		BFE17F402AF4E31D00BB685F /* [카카오 인턴] 수식 최대화.swift */ = {isa = PBXFileReference; lastKnownFileType = sourcecode.swift; path = "[카카오 인턴] 수식 최대화.swift"; sourceTree = "<group>"; };
		BFE17F412AF4E34700BB685F /* 멀쩡한 사각형.swift */ = {isa = PBXFileReference; lastKnownFileType = sourcecode.swift; path = "멀쩡한 사각형.swift"; sourceTree = "<group>"; };
		BFE17F422AF559F300BB685F /* 방문 길이.swift */ = {isa = PBXFileReference; lastKnownFileType = sourcecode.swift; path = "방문 길이.swift"; sourceTree = "<group>"; };
		BFE17F442AF55C2200BB685F /* 스킬트리.swift */ = {isa = PBXFileReference; lastKnownFileType = sourcecode.swift; path = "스킬트리.swift"; sourceTree = "<group>"; };
		BFE17F462AF55D1C00BB685F /* 타겟 넘버.swift */ = {isa = PBXFileReference; lastKnownFileType = sourcecode.swift; path = "타겟 넘버.swift"; sourceTree = "<group>"; };
		BFE17F482AF7D98200BB685F /* 큰 수 만들기.swift */ = {isa = PBXFileReference; lastKnownFileType = sourcecode.swift; path = "큰 수 만들기.swift"; sourceTree = "<group>"; };
		BFE17F4A2AF89EC400BB685F /* 카펫.swift */ = {isa = PBXFileReference; lastKnownFileType = sourcecode.swift; path = "카펫.swift"; sourceTree = "<group>"; };
		BFE17F4C2AF89ED300BB685F /* H-Index.swift */ = {isa = PBXFileReference; lastKnownFileType = sourcecode.swift; path = "H-Index.swift"; sourceTree = "<group>"; };
		BFE17F4E2AF89EE600BB685F /* 소수 찾기.swift */ = {isa = PBXFileReference; lastKnownFileType = sourcecode.swift; path = "소수 찾기.swift"; sourceTree = "<group>"; };
		BFE17F502AF8A26700BB685F /* [3차] 압축.swift */ = {isa = PBXFileReference; lastKnownFileType = sourcecode.swift; path = "[3차] 압축.swift"; sourceTree = "<group>"; };
		BFE17F522AF8A64000BB685F /* 가장 큰 정사각형.swift */ = {isa = PBXFileReference; lastKnownFileType = sourcecode.swift; path = "가장 큰 정사각형.swift"; sourceTree = "<group>"; };
		BFE17F532AF8D1D200BB685F /* 하노이 탑.swift */ = {isa = PBXFileReference; lastKnownFileType = sourcecode.swift; path = "하노이 탑.swift"; sourceTree = "<group>"; };
		BFE17F552AF8D51900BB685F /* JadenCase 문자열 만들기   .swift */ = {isa = PBXFileReference; lastKnownFileType = sourcecode.swift; path = "JadenCase 문자열 만들기   .swift"; sourceTree = "<group>"; };
		BFE17F562AF8D5E400BB685F /* 최솟값 만들기.swift */ = {isa = PBXFileReference; lastKnownFileType = sourcecode.swift; path = "최솟값 만들기.swift"; sourceTree = "<group>"; };
		BFE17F572AF8D6D300BB685F /* 멀리 뛰기.swift */ = {isa = PBXFileReference; lastKnownFileType = sourcecode.swift; path = "멀리 뛰기.swift"; sourceTree = "<group>"; };
		BFE17F592AF8D96000BB685F /* 땅따먹기.swift */ = {isa = PBXFileReference; lastKnownFileType = sourcecode.swift; path = "땅따먹기.swift"; sourceTree = "<group>"; };
		BFE17F5B2AF8DBC400BB685F /* 가장 큰 수.swift */ = {isa = PBXFileReference; lastKnownFileType = sourcecode.swift; path = "가장 큰 수.swift"; sourceTree = "<group>"; };
		BFE17F5D2AF8DDD100BB685F /* 기능개발.swift */ = {isa = PBXFileReference; lastKnownFileType = sourcecode.swift; path = "기능개발.swift"; sourceTree = "<group>"; };
		BFE17F5F2AF8E0AC00BB685F /* [1차] 캐시.swift */ = {isa = PBXFileReference; lastKnownFileType = sourcecode.swift; path = "[1차] 캐시.swift"; sourceTree = "<group>"; };
/* End PBXFileReference section */

/* Begin PBXFrameworksBuildPhase section */
		BF06E79D2AF13BD100EF012E /* Frameworks */ = {
			isa = PBXFrameworksBuildPhase;
			buildActionMask = 2147483647;
			files = (
			);
			runOnlyForDeploymentPostprocessing = 0;
		};
/* End PBXFrameworksBuildPhase section */

/* Begin PBXGroup section */
		BF06E7972AF13BD000EF012E = {
			isa = PBXGroup;
			children = (
				BF06E7A22AF13BD100EF012E /* SwiftCodingTest */,
				BF06E7A12AF13BD100EF012E /* Products */,
			);
			sourceTree = "<group>";
		};
		BF06E7A12AF13BD100EF012E /* Products */ = {
			isa = PBXGroup;
			children = (
				BF06E7A02AF13BD100EF012E /* SwiftCodingTest */,
			);
			name = Products;
			sourceTree = "<group>";
		};
		BF06E7A22AF13BD100EF012E /* SwiftCodingTest */ = {
			isa = PBXGroup;
			children = (
				BF06E7AA2AF13BD900EF012E /* Programmers */,
			);
			path = SwiftCodingTest;
			sourceTree = "<group>";
		};
		BF06E7AA2AF13BD900EF012E /* Programmers */ = {
			isa = PBXGroup;
			children = (
				BF06E7AB2AF13BE700EF012E /* Level 2 */,
			);
			path = Programmers;
			sourceTree = "<group>";
		};
		BF06E7AB2AF13BE700EF012E /* Level 2 */ = {
			isa = PBXGroup;
			children = (
				BF06E7A32AF13BD100EF012E /* 무인도 여행.swift */,
				BF06E7AC2AF13C2500EF012E /* 연속된 부분 수열의 합.swift */,
				BF06E7AD2AF13C4700EF012E /* 과제 진행하기.swift */,
				BF06E7AF2AF13C5700EF012E /* 광물 캐기.swift */,
				BF06E7B02AF13C6700EF012E /* 리코쳇 로봇.swift */,
				BF06E7B12AF13C7B00EF012E /* 미로 탈출.swift */,
				BF06E7B22AF13C8C00EF012E /* 호텔 대실.swift */,
				BF06E7B32AF13E9300EF012E /* 뒤에 있는 큰 수 찾기.swift */,
				BF06E7B42AF1447100EF012E /* 시소 짝꿍.swift */,
				BF06E7B62AF1561800EF012E /* 테이블 해시 함수.swift */,
				BF06E7B72AF1563D00EF012E /* 점 찍기.swift */,
				BFE17F4E2AF89EE600BB685F /* 소수 찾기.swift */,
				BF06E7B92AF1599F00EF012E /* 귤 고르기.swift */,
				BFE17F5D2AF8DDD100BB685F /* 기능개발.swift */,
				BFE17F5F2AF8E0AC00BB685F /* [1차] 캐시.swift */,
				BF31AE112AF270BA00554E1C /* 양궁 대회.swift */,
				BFE17F502AF8A26700BB685F /* [3차] 압축.swift */,
				BFE17F532AF8D1D200BB685F /* 하노이 탑.swift */,
				BFE17F5B2AF8DBC400BB685F /* 가장 큰 수.swift */,
				BFE17F552AF8D51900BB685F /* JadenCase 문자열 만들기   .swift */,
				BFE17F572AF8D6D300BB685F /* 멀리 뛰기.swift */,
				BFE17F592AF8D96000BB685F /* 땅따먹기.swift */,
				BFE17F522AF8A64000BB685F /* 가장 큰 정사각형.swift */,
				BF06E7BA2AF15ED400EF012E /* 숫자 카드 나누기.swift */,
				BFE17F562AF8D5E400BB685F /* 최솟값 만들기.swift */,
				BF06E7BB2AF165B600EF012E /* 우박 수열 정적분.swift */,
				BF06E7BC2AF1697600EF012E /* 롤케이크 자르기.swift */,
				BFE17F4A2AF89EC400BB685F /* 카펫.swift */,
				BFE17F4C2AF89ED300BB685F /* H-Index.swift */,
				BF31AE0B2AF25AC500554E1C /* 택배 상자.swift */,
				BF31AE132AF2788800554E1C /* 주차요금 계산.swift */,
				BF31AE152AF27E1600554E1C /* K진수에서 소수 개수 구하기.swift */,
				BF31AE172AF285D900554E1C /* 피로도.swift */,
				BF31AE0D2AF25CFA00554E1C /* 연속 부분 수열 합의 개수.swift */,
				BF31AE0F2AF264D100554E1C /* 할인 행사.swift */,
				BFE17F382AF4E2A700BB685F /* 전력망을 둘로 나누기.swift */,
				BFE17F3A2AF4E2BB00BB685F /* 괄호 회전하기.swift */,
				BFE17F3C2AF4E2F500BB685F /* 쿼드압축 후 개수 세기.swift */,
				BFE17F3D2AF4E30600BB685F /* 삼각 달팽이.swift */,
				BFE17F402AF4E31D00BB685F /* [카카오 인턴] 수식 최대화.swift */,
				BFE17F412AF4E34700BB685F /* 멀쩡한 사각형.swift */,
				BFE17F422AF559F300BB685F /* 방문 길이.swift */,
				BFE17F442AF55C2200BB685F /* 스킬트리.swift */,
				BFE17F462AF55D1C00BB685F /* 타겟 넘버.swift */,
				BFE17F482AF7D98200BB685F /* 큰 수 만들기.swift */,
			);
			path = "Level 2";
			sourceTree = "<group>";
		};
/* End PBXGroup section */

/* Begin PBXNativeTarget section */
		BF06E79F2AF13BD100EF012E /* SwiftCodingTest */ = {
			isa = PBXNativeTarget;
			buildConfigurationList = BF06E7A72AF13BD100EF012E /* Build configuration list for PBXNativeTarget "SwiftCodingTest" */;
			buildPhases = (
				BF06E79C2AF13BD100EF012E /* Sources */,
				BF06E79D2AF13BD100EF012E /* Frameworks */,
				BF06E79E2AF13BD100EF012E /* CopyFiles */,
			);
			buildRules = (
			);
			dependencies = (
			);
			name = SwiftCodingTest;
			productName = SwiftCodingTest;
			productReference = BF06E7A02AF13BD100EF012E /* SwiftCodingTest */;
			productType = "com.apple.product-type.tool";
		};
/* End PBXNativeTarget section */

/* Begin PBXProject section */
		BF06E7982AF13BD000EF012E /* Project object */ = {
			isa = PBXProject;
			attributes = {
				BuildIndependentTargetsInParallel = 1;
				LastSwiftUpdateCheck = 1500;
				LastUpgradeCheck = 1500;
				TargetAttributes = {
					BF06E79F2AF13BD100EF012E = {
						CreatedOnToolsVersion = 15.0.1;
						LastSwiftMigration = 1500;
					};
				};
			};
			buildConfigurationList = BF06E79B2AF13BD000EF012E /* Build configuration list for PBXProject "SwiftCodingTest" */;
			compatibilityVersion = "Xcode 14.0";
			developmentRegion = en;
			hasScannedForEncodings = 0;
			knownRegions = (
				en,
				Base,
			);
			mainGroup = BF06E7972AF13BD000EF012E;
			productRefGroup = BF06E7A12AF13BD100EF012E /* Products */;
			projectDirPath = "";
			projectRoot = "";
			targets = (
				BF06E79F2AF13BD100EF012E /* SwiftCodingTest */,
			);
		};
/* End PBXProject section */

/* Begin PBXSourcesBuildPhase section */
		BF06E79C2AF13BD100EF012E /* Sources */ = {
			isa = PBXSourcesBuildPhase;
			buildActionMask = 2147483647;
			files = (
				BF06E7B82AF1563D00EF012E /* 점 찍기.swift in Sources */,
			);
			runOnlyForDeploymentPostprocessing = 0;
		};
/* End PBXSourcesBuildPhase section */

/* Begin XCBuildConfiguration section */
		BF06E7A52AF13BD100EF012E /* Debug */ = {
			isa = XCBuildConfiguration;
			buildSettings = {
				ALWAYS_SEARCH_USER_PATHS = NO;
				ASSETCATALOG_COMPILER_GENERATE_SWIFT_ASSET_SYMBOL_EXTENSIONS = YES;
				CLANG_ANALYZER_NONNULL = YES;
				CLANG_ANALYZER_NUMBER_OBJECT_CONVERSION = YES_AGGRESSIVE;
				CLANG_CXX_LANGUAGE_STANDARD = "gnu++20";
				CLANG_ENABLE_MODULES = YES;
				CLANG_ENABLE_OBJC_ARC = YES;
				CLANG_ENABLE_OBJC_WEAK = YES;
				CLANG_WARN_BLOCK_CAPTURE_AUTORELEASING = YES;
				CLANG_WARN_BOOL_CONVERSION = YES;
				CLANG_WARN_COMMA = YES;
				CLANG_WARN_CONSTANT_CONVERSION = YES;
				CLANG_WARN_DEPRECATED_OBJC_IMPLEMENTATIONS = YES;
				CLANG_WARN_DIRECT_OBJC_ISA_USAGE = YES_ERROR;
				CLANG_WARN_DOCUMENTATION_COMMENTS = YES;
				CLANG_WARN_EMPTY_BODY = YES;
				CLANG_WARN_ENUM_CONVERSION = YES;
				CLANG_WARN_INFINITE_RECURSION = YES;
				CLANG_WARN_INT_CONVERSION = YES;
				CLANG_WARN_NON_LITERAL_NULL_CONVERSION = YES;
				CLANG_WARN_OBJC_IMPLICIT_RETAIN_SELF = YES;
				CLANG_WARN_OBJC_LITERAL_CONVERSION = YES;
				CLANG_WARN_OBJC_ROOT_CLASS = YES_ERROR;
				CLANG_WARN_QUOTED_INCLUDE_IN_FRAMEWORK_HEADER = YES;
				CLANG_WARN_RANGE_LOOP_ANALYSIS = YES;
				CLANG_WARN_STRICT_PROTOTYPES = YES;
				CLANG_WARN_SUSPICIOUS_MOVE = YES;
				CLANG_WARN_UNGUARDED_AVAILABILITY = YES_AGGRESSIVE;
				CLANG_WARN_UNREACHABLE_CODE = YES;
				CLANG_WARN__DUPLICATE_METHOD_MATCH = YES;
				COPY_PHASE_STRIP = NO;
				DEBUG_INFORMATION_FORMAT = dwarf;
				ENABLE_STRICT_OBJC_MSGSEND = YES;
				ENABLE_TESTABILITY = YES;
				ENABLE_USER_SCRIPT_SANDBOXING = YES;
				GCC_C_LANGUAGE_STANDARD = gnu17;
				GCC_DYNAMIC_NO_PIC = NO;
				GCC_NO_COMMON_BLOCKS = YES;
				GCC_OPTIMIZATION_LEVEL = 0;
				GCC_PREPROCESSOR_DEFINITIONS = (
					"DEBUG=1",
					"$(inherited)",
				);
				GCC_WARN_64_TO_32_BIT_CONVERSION = YES;
				GCC_WARN_ABOUT_RETURN_TYPE = YES_ERROR;
				GCC_WARN_UNDECLARED_SELECTOR = YES;
				GCC_WARN_UNINITIALIZED_AUTOS = YES_AGGRESSIVE;
				GCC_WARN_UNUSED_FUNCTION = YES;
				GCC_WARN_UNUSED_VARIABLE = YES;
				LOCALIZATION_PREFERS_STRING_CATALOGS = YES;
				MACOSX_DEPLOYMENT_TARGET = 14.0;
				MTL_ENABLE_DEBUG_INFO = INCLUDE_SOURCE;
				MTL_FAST_MATH = YES;
				ONLY_ACTIVE_ARCH = YES;
				SDKROOT = macosx;
				SWIFT_ACTIVE_COMPILATION_CONDITIONS = "DEBUG $(inherited)";
				SWIFT_OPTIMIZATION_LEVEL = "-Onone";
			};
			name = Debug;
		};
		BF06E7A62AF13BD100EF012E /* Release */ = {
			isa = XCBuildConfiguration;
			buildSettings = {
				ALWAYS_SEARCH_USER_PATHS = NO;
				ASSETCATALOG_COMPILER_GENERATE_SWIFT_ASSET_SYMBOL_EXTENSIONS = YES;
				CLANG_ANALYZER_NONNULL = YES;
				CLANG_ANALYZER_NUMBER_OBJECT_CONVERSION = YES_AGGRESSIVE;
				CLANG_CXX_LANGUAGE_STANDARD = "gnu++20";
				CLANG_ENABLE_MODULES = YES;
				CLANG_ENABLE_OBJC_ARC = YES;
				CLANG_ENABLE_OBJC_WEAK = YES;
				CLANG_WARN_BLOCK_CAPTURE_AUTORELEASING = YES;
				CLANG_WARN_BOOL_CONVERSION = YES;
				CLANG_WARN_COMMA = YES;
				CLANG_WARN_CONSTANT_CONVERSION = YES;
				CLANG_WARN_DEPRECATED_OBJC_IMPLEMENTATIONS = YES;
				CLANG_WARN_DIRECT_OBJC_ISA_USAGE = YES_ERROR;
				CLANG_WARN_DOCUMENTATION_COMMENTS = YES;
				CLANG_WARN_EMPTY_BODY = YES;
				CLANG_WARN_ENUM_CONVERSION = YES;
				CLANG_WARN_INFINITE_RECURSION = YES;
				CLANG_WARN_INT_CONVERSION = YES;
				CLANG_WARN_NON_LITERAL_NULL_CONVERSION = YES;
				CLANG_WARN_OBJC_IMPLICIT_RETAIN_SELF = YES;
				CLANG_WARN_OBJC_LITERAL_CONVERSION = YES;
				CLANG_WARN_OBJC_ROOT_CLASS = YES_ERROR;
				CLANG_WARN_QUOTED_INCLUDE_IN_FRAMEWORK_HEADER = YES;
				CLANG_WARN_RANGE_LOOP_ANALYSIS = YES;
				CLANG_WARN_STRICT_PROTOTYPES = YES;
				CLANG_WARN_SUSPICIOUS_MOVE = YES;
				CLANG_WARN_UNGUARDED_AVAILABILITY = YES_AGGRESSIVE;
				CLANG_WARN_UNREACHABLE_CODE = YES;
				CLANG_WARN__DUPLICATE_METHOD_MATCH = YES;
				COPY_PHASE_STRIP = NO;
				DEBUG_INFORMATION_FORMAT = "dwarf-with-dsym";
				ENABLE_NS_ASSERTIONS = NO;
				ENABLE_STRICT_OBJC_MSGSEND = YES;
				ENABLE_USER_SCRIPT_SANDBOXING = YES;
				GCC_C_LANGUAGE_STANDARD = gnu17;
				GCC_NO_COMMON_BLOCKS = YES;
				GCC_WARN_64_TO_32_BIT_CONVERSION = YES;
				GCC_WARN_ABOUT_RETURN_TYPE = YES_ERROR;
				GCC_WARN_UNDECLARED_SELECTOR = YES;
				GCC_WARN_UNINITIALIZED_AUTOS = YES_AGGRESSIVE;
				GCC_WARN_UNUSED_FUNCTION = YES;
				GCC_WARN_UNUSED_VARIABLE = YES;
				LOCALIZATION_PREFERS_STRING_CATALOGS = YES;
				MACOSX_DEPLOYMENT_TARGET = 14.0;
				MTL_ENABLE_DEBUG_INFO = NO;
				MTL_FAST_MATH = YES;
				SDKROOT = macosx;
				SWIFT_COMPILATION_MODE = wholemodule;
			};
			name = Release;
		};
		BF06E7A82AF13BD100EF012E /* Debug */ = {
			isa = XCBuildConfiguration;
			buildSettings = {
				CLANG_ENABLE_MODULES = YES;
				CODE_SIGN_STYLE = Automatic;
				DEVELOPMENT_TEAM = KB3R84Q4BQ;
				ENABLE_HARDENED_RUNTIME = YES;
				PRODUCT_NAME = "$(TARGET_NAME)";
				SWIFT_OPTIMIZATION_LEVEL = "-Onone";
				SWIFT_VERSION = 5.0;
			};
			name = Debug;
		};
		BF06E7A92AF13BD100EF012E /* Release */ = {
			isa = XCBuildConfiguration;
			buildSettings = {
				CLANG_ENABLE_MODULES = YES;
				CODE_SIGN_STYLE = Automatic;
				DEVELOPMENT_TEAM = KB3R84Q4BQ;
				ENABLE_HARDENED_RUNTIME = YES;
				PRODUCT_NAME = "$(TARGET_NAME)";
				SWIFT_VERSION = 5.0;
			};
			name = Release;
		};
/* End XCBuildConfiguration section */

/* Begin XCConfigurationList section */
		BF06E79B2AF13BD000EF012E /* Build configuration list for PBXProject "SwiftCodingTest" */ = {
			isa = XCConfigurationList;
			buildConfigurations = (
				BF06E7A52AF13BD100EF012E /* Debug */,
				BF06E7A62AF13BD100EF012E /* Release */,
			);
			defaultConfigurationIsVisible = 0;
			defaultConfigurationName = Release;
		};
		BF06E7A72AF13BD100EF012E /* Build configuration list for PBXNativeTarget "SwiftCodingTest" */ = {
			isa = XCConfigurationList;
			buildConfigurations = (
				BF06E7A82AF13BD100EF012E /* Debug */,
				BF06E7A92AF13BD100EF012E /* Release */,
			);
			defaultConfigurationIsVisible = 0;
			defaultConfigurationName = Release;
		};
/* End XCConfigurationList section */
	};
	rootObject = BF06E7982AF13BD000EF012E /* Project object */;
}
