// !$*UTF8*$!
{
	archiveVersion = 1;
	classes = {
	};
	objectVersion = 56;
	objects = {

/* Begin PBXBuildFile section */
		BF06E7B82AF1563D00EF012E /* 점 찍기.swift in Sources */ = {isa = PBXBuildFile; fileRef = BF06E7B72AF1563D00EF012E /* 점 찍기.swift */; };
/* End PBXBuildFile section */

/* Begin PBXCopyFilesBuildPhase section */
		BF06E79E2AF13BD100EF012E /* CopyFiles */ = {
			isa = PBXCopyFilesBuildPhase;
			buildActionMask = 2147483647;
			dstPath = /usr/share/man/man1/;
			dstSubfolderSpec = 0;
			files = (
			);
			runOnlyForDeploymentPostprocessing = 1;
		};
/* End PBXCopyFilesBuildPhase section */

/* Begin PBXFileReference section */
		BF06E7A02AF13BD100EF012E /* SwiftCodingTest */ = {isa = PBXFileReference; explicitFileType = "compiled.mach-o.executable"; includeInIndex = 0; path = SwiftCodingTest; sourceTree = BUILT_PRODUCTS_DIR; };
		BF06E7A32AF13BD100EF012E /* 무인도 여행.swift */ = {isa = PBXFileReference; lastKnownFileType = sourcecode.swift; path = "무인도 여행.swift"; sourceTree = "<group>"; };
		BF06E7AC2AF13C2500EF012E /* 연속된 부분 수열의 합.swift */ = {isa = PBXFileReference; lastKnownFileType = sourcecode.swift; path = "연속된 부분 수열의 합.swift"; sourceTree = "<group>"; };
		BF06E7AD2AF13C4700EF012E /* 과제 진행하기.swift */ = {isa = PBXFileReference; lastKnownFileType = sourcecode.swift; path = "과제 진행하기.swift"; sourceTree = "<group>"; };
		BF06E7AF2AF13C5700EF012E /* 광물 캐기.swift */ = {isa = PBXFileReference; lastKnownFileType = sourcecode.swift; path = "광물 캐기.swift"; sourceTree = "<group>"; };
		BF06E7B02AF13C6700EF012E /* 리코쳇 로봇.swift */ = {isa = PBXFileReference; lastKnownFileType = sourcecode.swift; path = "리코쳇 로봇.swift"; sourceTree = "<group>"; };
		BF06E7B12AF13C7B00EF012E /* 미로 탈출.swift */ = {isa = PBXFileReference; lastKnownFileType = sourcecode.swift; path = "미로 탈출.swift"; sourceTree = "<group>"; };
		BF06E7B22AF13C8C00EF012E /* 호텔 대실.swift */ = {isa = PBXFileReference; lastKnownFileType = sourcecode.swift; path = "호텔 대실.swift"; sourceTree = "<group>"; };
		BF06E7B32AF13E9300EF012E /* 뒤에 있는 큰 수 찾기.swift */ = {isa = PBXFileReference; lastKnownFileType = sourcecode.swift; path = "뒤에 있는 큰 수 찾기.swift"; sourceTree = "<group>"; };
		BF06E7B42AF1447100EF012E /* 시소 짝꿍.swift */ = {isa = PBXFileReference; lastKnownFileType = sourcecode.swift; path = "시소 짝꿍.swift"; sourceTree = "<group>"; };
		BF06E7B62AF1561800EF012E /* 테이블 해시 함수.swift */ = {isa = PBXFileReference; lastKnownFileType = sourcecode.swift; path = "테이블 해시 함수.swift"; sourceTree = "<group>"; };
		BF06E7B72AF1563D00EF012E /* 점 찍기.swift */ = {isa = PBXFileReference; lastKnownFileType = sourcecode.swift; path = "점 찍기.swift"; sourceTree = "<group>"; };
		BF06E7B92AF1599F00EF012E /* 귤 고르기.swift */ = {isa = PBXFileReference; lastKnownFileType = sourcecode.swift; path = "귤 고르기.swift"; sourceTree = "<group>"; };
		BF06E7BA2AF15ED400EF012E /* 숫자 카드 나누기.swift */ = {isa = PBXFileReference; lastKnownFileType = sourcecode.swift; path = "숫자 카드 나누기.swift"; sourceTree = "<group>"; };
		BF06E7BB2AF165B600EF012E /* 우박 수열 정적분.swift */ = {isa = PBXFileReference; lastKnownFileType = sourcecode.swift; path = "우박 수열 정적분.swift"; sourceTree = "<group>"; };
		BF06E7BC2AF1697600EF012E /* 롤케이크 자르기.swift */ = {isa = PBXFileReference; lastKnownFileType = sourcecode.swift; path = "롤케이크 자르기.swift"; sourceTree = "<group>"; };
/* End PBXFileReference section */

/* Begin PBXFrameworksBuildPhase section */
		BF06E79D2AF13BD100EF012E /* Frameworks */ = {
			isa = PBXFrameworksBuildPhase;
			buildActionMask = 2147483647;
			files = (
			);
			runOnlyForDeploymentPostprocessing = 0;
		};
/* End PBXFrameworksBuildPhase section */

/* Begin PBXGroup section */
		BF06E7972AF13BD000EF012E = {
			isa = PBXGroup;
			children = (
				BF06E7A22AF13BD100EF012E /* SwiftCodingTest */,
				BF06E7A12AF13BD100EF012E /* Products */,
			);
			sourceTree = "<group>";
		};
		BF06E7A12AF13BD100EF012E /* Products */ = {
			isa = PBXGroup;
			children = (
				BF06E7A02AF13BD100EF012E /* SwiftCodingTest */,
			);
			name = Products;
			sourceTree = "<group>";
		};
		BF06E7A22AF13BD100EF012E /* SwiftCodingTest */ = {
			isa = PBXGroup;
			children = (
				BF06E7AA2AF13BD900EF012E /* Programmers */,
			);
			path = SwiftCodingTest;
			sourceTree = "<group>";
		};
		BF06E7AA2AF13BD900EF012E /* Programmers */ = {
			isa = PBXGroup;
			children = (
				BF06E7AB2AF13BE700EF012E /* Level 2 */,
			);
			path = Programmers;
			sourceTree = "<group>";
		};
		BF06E7AB2AF13BE700EF012E /* Level 2 */ = {
			isa = PBXGroup;
			children = (
				BF06E7A32AF13BD100EF012E /* 무인도 여행.swift */,
				BF06E7AC2AF13C2500EF012E /* 연속된 부분 수열의 합.swift */,
				BF06E7AD2AF13C4700EF012E /* 과제 진행하기.swift */,
				BF06E7AF2AF13C5700EF012E /* 광물 캐기.swift */,
				BF06E7B02AF13C6700EF012E /* 리코쳇 로봇.swift */,
				BF06E7B12AF13C7B00EF012E /* 미로 탈출.swift */,
				BF06E7B22AF13C8C00EF012E /* 호텔 대실.swift */,
				BF06E7B32AF13E9300EF012E /* 뒤에 있는 큰 수 찾기.swift */,
				BF06E7B42AF1447100EF012E /* 시소 짝꿍.swift */,
				BF06E7B62AF1561800EF012E /* 테이블 해시 함수.swift */,
				BF06E7B72AF1563D00EF012E /* 점 찍기.swift */,
				BF06E7B92AF1599F00EF012E /* 귤 고르기.swift */,
				BF06E7BA2AF15ED400EF012E /* 숫자 카드 나누기.swift */,
				BF06E7BB2AF165B600EF012E /* 우박 수열 정적분.swift */,
				BF06E7BC2AF1697600EF012E /* 롤케이크 자르기.swift */,
			);
			path = "Level 2";
			sourceTree = "<group>";
		};
/* End PBXGroup section */

/* Begin PBXNativeTarget section */
		BF06E79F2AF13BD100EF012E /* SwiftCodingTest */ = {
			isa = PBXNativeTarget;
			buildConfigurationList = BF06E7A72AF13BD100EF012E /* Build configuration list for PBXNativeTarget "SwiftCodingTest" */;
			buildPhases = (
				BF06E79C2AF13BD100EF012E /* Sources */,
				BF06E79D2AF13BD100EF012E /* Frameworks */,
				BF06E79E2AF13BD100EF012E /* CopyFiles */,
			);
			buildRules = (
			);
			dependencies = (
			);
			name = SwiftCodingTest;
			productName = SwiftCodingTest;
			productReference = BF06E7A02AF13BD100EF012E /* SwiftCodingTest */;
			productType = "com.apple.product-type.tool";
		};
/* End PBXNativeTarget section */

/* Begin PBXProject section */
		BF06E7982AF13BD000EF012E /* Project object */ = {
			isa = PBXProject;
			attributes = {
				BuildIndependentTargetsInParallel = 1;
				LastSwiftUpdateCheck = 1500;
				LastUpgradeCheck = 1500;
				TargetAttributes = {
					BF06E79F2AF13BD100EF012E = {
						CreatedOnToolsVersion = 15.0.1;
						LastSwiftMigration = 1500;
					};
				};
			};
			buildConfigurationList = BF06E79B2AF13BD000EF012E /* Build configuration list for PBXProject "SwiftCodingTest" */;
			compatibilityVersion = "Xcode 14.0";
			developmentRegion = en;
			hasScannedForEncodings = 0;
			knownRegions = (
				en,
				Base,
			);
			mainGroup = BF06E7972AF13BD000EF012E;
			productRefGroup = BF06E7A12AF13BD100EF012E /* Products */;
			projectDirPath = "";
			projectRoot = "";
			targets = (
				BF06E79F2AF13BD100EF012E /* SwiftCodingTest */,
			);
		};
/* End PBXProject section */

/* Begin PBXSourcesBuildPhase section */
		BF06E79C2AF13BD100EF012E /* Sources */ = {
			isa = PBXSourcesBuildPhase;
			buildActionMask = 2147483647;
			files = (
				BF06E7B82AF1563D00EF012E /* 점 찍기.swift in Sources */,
			);
			runOnlyForDeploymentPostprocessing = 0;
		};
/* End PBXSourcesBuildPhase section */

/* Begin XCBuildConfiguration section */
		BF06E7A52AF13BD100EF012E /* Debug */ = {
			isa = XCBuildConfiguration;
			buildSettings = {
				ALWAYS_SEARCH_USER_PATHS = NO;
				ASSETCATALOG_COMPILER_GENERATE_SWIFT_ASSET_SYMBOL_EXTENSIONS = YES;
				CLANG_ANALYZER_NONNULL = YES;
				CLANG_ANALYZER_NUMBER_OBJECT_CONVERSION = YES_AGGRESSIVE;
				CLANG_CXX_LANGUAGE_STANDARD = "gnu++20";
				CLANG_ENABLE_MODULES = YES;
				CLANG_ENABLE_OBJC_ARC = YES;
				CLANG_ENABLE_OBJC_WEAK = YES;
				CLANG_WARN_BLOCK_CAPTURE_AUTORELEASING = YES;
				CLANG_WARN_BOOL_CONVERSION = YES;
				CLANG_WARN_COMMA = YES;
				CLANG_WARN_CONSTANT_CONVERSION = YES;
				CLANG_WARN_DEPRECATED_OBJC_IMPLEMENTATIONS = YES;
				CLANG_WARN_DIRECT_OBJC_ISA_USAGE = YES_ERROR;
				CLANG_WARN_DOCUMENTATION_COMMENTS = YES;
				CLANG_WARN_EMPTY_BODY = YES;
				CLANG_WARN_ENUM_CONVERSION = YES;
				CLANG_WARN_INFINITE_RECURSION = YES;
				CLANG_WARN_INT_CONVERSION = YES;
				CLANG_WARN_NON_LITERAL_NULL_CONVERSION = YES;
				CLANG_WARN_OBJC_IMPLICIT_RETAIN_SELF = YES;
				CLANG_WARN_OBJC_LITERAL_CONVERSION = YES;
				CLANG_WARN_OBJC_ROOT_CLASS = YES_ERROR;
				CLANG_WARN_QUOTED_INCLUDE_IN_FRAMEWORK_HEADER = YES;
				CLANG_WARN_RANGE_LOOP_ANALYSIS = YES;
				CLANG_WARN_STRICT_PROTOTYPES = YES;
				CLANG_WARN_SUSPICIOUS_MOVE = YES;
				CLANG_WARN_UNGUARDED_AVAILABILITY = YES_AGGRESSIVE;
				CLANG_WARN_UNREACHABLE_CODE = YES;
				CLANG_WARN__DUPLICATE_METHOD_MATCH = YES;
				COPY_PHASE_STRIP = NO;
				DEBUG_INFORMATION_FORMAT = dwarf;
				ENABLE_STRICT_OBJC_MSGSEND = YES;
				ENABLE_TESTABILITY = YES;
				ENABLE_USER_SCRIPT_SANDBOXING = YES;
				GCC_C_LANGUAGE_STANDARD = gnu17;
				GCC_DYNAMIC_NO_PIC = NO;
				GCC_NO_COMMON_BLOCKS = YES;
				GCC_OPTIMIZATION_LEVEL = 0;
				GCC_PREPROCESSOR_DEFINITIONS = (
					"DEBUG=1",
					"$(inherited)",
				);
				GCC_WARN_64_TO_32_BIT_CONVERSION = YES;
				GCC_WARN_ABOUT_RETURN_TYPE = YES_ERROR;
				GCC_WARN_UNDECLARED_SELECTOR = YES;
				GCC_WARN_UNINITIALIZED_AUTOS = YES_AGGRESSIVE;
				GCC_WARN_UNUSED_FUNCTION = YES;
				GCC_WARN_UNUSED_VARIABLE = YES;
				LOCALIZATION_PREFERS_STRING_CATALOGS = YES;
				MACOSX_DEPLOYMENT_TARGET = 14.0;
				MTL_ENABLE_DEBUG_INFO = INCLUDE_SOURCE;
				MTL_FAST_MATH = YES;
				ONLY_ACTIVE_ARCH = YES;
				SDKROOT = macosx;
				SWIFT_ACTIVE_COMPILATION_CONDITIONS = "DEBUG $(inherited)";
				SWIFT_OPTIMIZATION_LEVEL = "-Onone";
			};
			name = Debug;
		};
		BF06E7A62AF13BD100EF012E /* Release */ = {
			isa = XCBuildConfiguration;
			buildSettings = {
				ALWAYS_SEARCH_USER_PATHS = NO;
				ASSETCATALOG_COMPILER_GENERATE_SWIFT_ASSET_SYMBOL_EXTENSIONS = YES;
				CLANG_ANALYZER_NONNULL = YES;
				CLANG_ANALYZER_NUMBER_OBJECT_CONVERSION = YES_AGGRESSIVE;
				CLANG_CXX_LANGUAGE_STANDARD = "gnu++20";
				CLANG_ENABLE_MODULES = YES;
				CLANG_ENABLE_OBJC_ARC = YES;
				CLANG_ENABLE_OBJC_WEAK = YES;
				CLANG_WARN_BLOCK_CAPTURE_AUTORELEASING = YES;
				CLANG_WARN_BOOL_CONVERSION = YES;
				CLANG_WARN_COMMA = YES;
				CLANG_WARN_CONSTANT_CONVERSION = YES;
				CLANG_WARN_DEPRECATED_OBJC_IMPLEMENTATIONS = YES;
				CLANG_WARN_DIRECT_OBJC_ISA_USAGE = YES_ERROR;
				CLANG_WARN_DOCUMENTATION_COMMENTS = YES;
				CLANG_WARN_EMPTY_BODY = YES;
				CLANG_WARN_ENUM_CONVERSION = YES;
				CLANG_WARN_INFINITE_RECURSION = YES;
				CLANG_WARN_INT_CONVERSION = YES;
				CLANG_WARN_NON_LITERAL_NULL_CONVERSION = YES;
				CLANG_WARN_OBJC_IMPLICIT_RETAIN_SELF = YES;
				CLANG_WARN_OBJC_LITERAL_CONVERSION = YES;
				CLANG_WARN_OBJC_ROOT_CLASS = YES_ERROR;
				CLANG_WARN_QUOTED_INCLUDE_IN_FRAMEWORK_HEADER = YES;
				CLANG_WARN_RANGE_LOOP_ANALYSIS = YES;
				CLANG_WARN_STRICT_PROTOTYPES = YES;
				CLANG_WARN_SUSPICIOUS_MOVE = YES;
				CLANG_WARN_UNGUARDED_AVAILABILITY = YES_AGGRESSIVE;
				CLANG_WARN_UNREACHABLE_CODE = YES;
				CLANG_WARN__DUPLICATE_METHOD_MATCH = YES;
				COPY_PHASE_STRIP = NO;
				DEBUG_INFORMATION_FORMAT = "dwarf-with-dsym";
				ENABLE_NS_ASSERTIONS = NO;
				ENABLE_STRICT_OBJC_MSGSEND = YES;
				ENABLE_USER_SCRIPT_SANDBOXING = YES;
				GCC_C_LANGUAGE_STANDARD = gnu17;
				GCC_NO_COMMON_BLOCKS = YES;
				GCC_WARN_64_TO_32_BIT_CONVERSION = YES;
				GCC_WARN_ABOUT_RETURN_TYPE = YES_ERROR;
				GCC_WARN_UNDECLARED_SELECTOR = YES;
				GCC_WARN_UNINITIALIZED_AUTOS = YES_AGGRESSIVE;
				GCC_WARN_UNUSED_FUNCTION = YES;
				GCC_WARN_UNUSED_VARIABLE = YES;
				LOCALIZATION_PREFERS_STRING_CATALOGS = YES;
				MACOSX_DEPLOYMENT_TARGET = 14.0;
				MTL_ENABLE_DEBUG_INFO = NO;
				MTL_FAST_MATH = YES;
				SDKROOT = macosx;
				SWIFT_COMPILATION_MODE = wholemodule;
			};
			name = Release;
		};
		BF06E7A82AF13BD100EF012E /* Debug */ = {
			isa = XCBuildConfiguration;
			buildSettings = {
				CLANG_ENABLE_MODULES = YES;
				CODE_SIGN_STYLE = Automatic;
				DEVELOPMENT_TEAM = KB3R84Q4BQ;
				ENABLE_HARDENED_RUNTIME = YES;
				PRODUCT_NAME = "$(TARGET_NAME)";
				SWIFT_OPTIMIZATION_LEVEL = "-Onone";
				SWIFT_VERSION = 5.0;
			};
			name = Debug;
		};
		BF06E7A92AF13BD100EF012E /* Release */ = {
			isa = XCBuildConfiguration;
			buildSettings = {
				CLANG_ENABLE_MODULES = YES;
				CODE_SIGN_STYLE = Automatic;
				DEVELOPMENT_TEAM = KB3R84Q4BQ;
				ENABLE_HARDENED_RUNTIME = YES;
				PRODUCT_NAME = "$(TARGET_NAME)";
				SWIFT_VERSION = 5.0;
			};
			name = Release;
		};
/* End XCBuildConfiguration section */

/* Begin XCConfigurationList section */
		BF06E79B2AF13BD000EF012E /* Build configuration list for PBXProject "SwiftCodingTest" */ = {
			isa = XCConfigurationList;
			buildConfigurations = (
				BF06E7A52AF13BD100EF012E /* Debug */,
				BF06E7A62AF13BD100EF012E /* Release */,
			);
			defaultConfigurationIsVisible = 0;
			defaultConfigurationName = Release;
		};
		BF06E7A72AF13BD100EF012E /* Build configuration list for PBXNativeTarget "SwiftCodingTest" */ = {
			isa = XCConfigurationList;
			buildConfigurations = (
				BF06E7A82AF13BD100EF012E /* Debug */,
				BF06E7A92AF13BD100EF012E /* Release */,
			);
			defaultConfigurationIsVisible = 0;
			defaultConfigurationName = Release;
		};
/* End XCConfigurationList section */
	};
	rootObject = BF06E7982AF13BD000EF012E /* Project object */;
}
